<?xml version="1.0" encoding="utf-8"?>
<Project ToolsVersion="4.0" xmlns="http://schemas.microsoft.com/developer/msbuild/2003">
  <ItemGroup>
    <Filter Include="Source Files">
      <UniqueIdentifier>{4FC737F1-C7A5-4376-A066-2A32D752A2FF}</UniqueIdentifier>
      <Extensions>qml;cpp;c;cc;cxx;def;odl;idl;hpj;bat;asm;asmx</Extensions>
    </Filter>
    <Filter Include="Resource Files">
      <UniqueIdentifier>{67DA6AB6-F800-4c08-8B7A-83BB121AAD01}</UniqueIdentifier>
      <Extensions>qrc;rc;ico;cur;bmp;dlg;rc2;rct;bin;rgs;gif;jpg;jpeg;jpe;resx;tiff;tif;png;wav;mfcribbon-ms</Extensions>
    </Filter>
    <Filter Include="Docs">
      <UniqueIdentifier>{ff0d2aaa-41f9-46f1-9d56-e9a2a6b37d94}</UniqueIdentifier>
    </Filter>
    <Filter Include="Old">
      <UniqueIdentifier>{92199ea3-aeb7-4fde-a4be-c96495cd15b0}</UniqueIdentifier>
    </Filter>
  </ItemGroup>
  <ItemGroup>
    <Image Include="resources\NDTEditor.ico">
      <Filter>Resource Files</Filter>
    </Image>
  </ItemGroup>
  <ItemGroup>
    <QtRcc Include="resources\NDTEditor.qrc">
      <Filter>Resource Files</Filter>
    </QtRcc>
  </ItemGroup>
  <ItemGroup>
    <ResourceCompile Include="resources\NDTEditor.rc">
      <Filter>Resource Files</Filter>
    </ResourceCompile>
  </ItemGroup>
  <ItemGroup>
    <None Include="cpp.hint" />
    <None Include="..\README.md" />
    <None Include="..\.gitignore" />
    <None Include="docs\Diagram.puml">
      <Filter>Docs</Filter>
    </None>
  </ItemGroup>
  <ItemGroup>
    <ClCompile Include="src\Main.cpp">
      <Filter>Source Files</Filter>
    </ClCompile>
  </ItemGroup>
  <ItemGroup>
    <ClInclude Include="old\OLDElementBlock.h">
      <Filter>Old</Filter>
    </ClInclude>
    <ClInclude Include="old\OLDJsonModel.h">
      <Filter>Old</Filter>
    </ClInclude>
    <ClInclude Include="old\OLDJsonView.h">
      <Filter>Old</Filter>
    </ClInclude>
    <ClInclude Include="old\OLDMainWindow.h">
      <Filter>Old</Filter>
    </ClInclude>
    <ClInclude Include="src\Io.h">
      <Filter>Source Files</Filter>
    </ClInclude>
    <ClInclude Include="src\LoadPlan.h">
      <Filter>Source Files</Filter>
    </ClInclude>
    <ClInclude Include="src\Keys.h">
      <Filter>Source Files</Filter>
    </ClInclude>
    <ClInclude Include="src\Utility.h">
      <Filter>Source Files</Filter>
    </ClInclude>
  </ItemGroup>
  <ItemGroup>
    <QtMoc Include="src\MainWindow.h">
      <Filter>Source Files</Filter>
    </QtMoc>
    <QtMoc Include="src\Element.h">
      <Filter>Source Files</Filter>
    </QtMoc>
    <QtMoc Include="src\View.h">
      <Filter>Source Files</Filter>
    </QtMoc>
    <QtMoc Include="src\InsertButton.h">
      <Filter>Source Files</Filter>
    </QtMoc>
    <QtMoc Include="src\EotCheck.h">
      <Filter>Source Files</Filter>
    </QtMoc>
    <QtMoc Include="src\ResizingPlainTextEdit.h">
      <Filter>Source Files</Filter>
    </QtMoc>
  </ItemGroup>
</Project>